// !$*UTF8*$!
{
	archiveVersion = 1;
	classes = {
	};
	objectVersion = 50;
	objects = {

/* Begin PBXBuildFile section */
		F1466A5E2541034C0063C2D5 /* AppDelegate.swift in Sources */ = {isa = PBXBuildFile; fileRef = F1466A5D2541034C0063C2D5 /* AppDelegate.swift */; };
		F1466A602541034C0063C2D5 /* SceneDelegate.swift in Sources */ = {isa = PBXBuildFile; fileRef = F1466A5F2541034C0063C2D5 /* SceneDelegate.swift */; };
		F1466A622541034C0063C2D5 /* ViewController.swift in Sources */ = {isa = PBXBuildFile; fileRef = F1466A612541034C0063C2D5 /* ViewController.swift */; };
		F1466A652541034C0063C2D5 /* Main.storyboard in Resources */ = {isa = PBXBuildFile; fileRef = F1466A632541034C0063C2D5 /* Main.storyboard */; };
		F1466A672541034E0063C2D5 /* Assets.xcassets in Resources */ = {isa = PBXBuildFile; fileRef = F1466A662541034E0063C2D5 /* Assets.xcassets */; };
		F1466A6A2541034E0063C2D5 /* LaunchScreen.storyboard in Resources */ = {isa = PBXBuildFile; fileRef = F1466A682541034E0063C2D5 /* LaunchScreen.storyboard */; };
		F1466A752541034E0063C2D5 /* AutoLayoutSecondLevelTests.swift in Sources */ = {isa = PBXBuildFile; fileRef = F1466A742541034E0063C2D5 /* AutoLayoutSecondLevelTests.swift */; };
		F1466A802541034E0063C2D5 /* AutoLayoutSecondLevelUITests.swift in Sources */ = {isa = PBXBuildFile; fileRef = F1466A7F2541034E0063C2D5 /* AutoLayoutSecondLevelUITests.swift */; };
		F17B2A7925425FA5001A8A9A /* UIView+ArredondarBordas.swift in Sources */ = {isa = PBXBuildFile; fileRef = F17B2A7825425FA5001A8A9A /* UIView+ArredondarBordas.swift */; };
/* End PBXBuildFile section */

/* Begin PBXContainerItemProxy section */
		F1466A712541034E0063C2D5 /* PBXContainerItemProxy */ = {
			isa = PBXContainerItemProxy;
			containerPortal = F1466A522541034C0063C2D5 /* Project object */;
			proxyType = 1;
			remoteGlobalIDString = F1466A592541034C0063C2D5;
			remoteInfo = AutoLayoutSecondLevel;
		};
		F1466A7C2541034E0063C2D5 /* PBXContainerItemProxy */ = {
			isa = PBXContainerItemProxy;
			containerPortal = F1466A522541034C0063C2D5 /* Project object */;
			proxyType = 1;
			remoteGlobalIDString = F1466A592541034C0063C2D5;
			remoteInfo = AutoLayoutSecondLevel;
		};
/* End PBXContainerItemProxy section */

/* Begin PBXFileReference section */
		F1466A5A2541034C0063C2D5 /* AutoLayoutSecondLevel.app */ = {isa = PBXFileReference; explicitFileType = wrapper.application; includeInIndex = 0; path = AutoLayoutSecondLevel.app; sourceTree = BUILT_PRODUCTS_DIR; };
		F1466A5D2541034C0063C2D5 /* AppDelegate.swift */ = {isa = PBXFileReference; lastKnownFileType = sourcecode.swift; path = AppDelegate.swift; sourceTree = "<group>"; };
		F1466A5F2541034C0063C2D5 /* SceneDelegate.swift */ = {isa = PBXFileReference; lastKnownFileType = sourcecode.swift; path = SceneDelegate.swift; sourceTree = "<group>"; };
		F1466A612541034C0063C2D5 /* ViewController.swift */ = {isa = PBXFileReference; lastKnownFileType = sourcecode.swift; path = ViewController.swift; sourceTree = "<group>"; };
		F1466A642541034C0063C2D5 /* Base */ = {isa = PBXFileReference; lastKnownFileType = file.storyboard; name = Base; path = Base.lproj/Main.storyboard; sourceTree = "<group>"; };
		F1466A662541034E0063C2D5 /* Assets.xcassets */ = {isa = PBXFileReference; lastKnownFileType = folder.assetcatalog; path = Assets.xcassets; sourceTree = "<group>"; };
		F1466A692541034E0063C2D5 /* Base */ = {isa = PBXFileReference; lastKnownFileType = file.storyboard; name = Base; path = Base.lproj/LaunchScreen.storyboard; sourceTree = "<group>"; };
		F1466A6B2541034E0063C2D5 /* Info.plist */ = {isa = PBXFileReference; lastKnownFileType = text.plist.xml; path = Info.plist; sourceTree = "<group>"; };
		F1466A702541034E0063C2D5 /* AutoLayoutSecondLevelTests.xctest */ = {isa = PBXFileReference; explicitFileType = wrapper.cfbundle; includeInIndex = 0; path = AutoLayoutSecondLevelTests.xctest; sourceTree = BUILT_PRODUCTS_DIR; };
		F1466A742541034E0063C2D5 /* AutoLayoutSecondLevelTests.swift */ = {isa = PBXFileReference; lastKnownFileType = sourcecode.swift; path = AutoLayoutSecondLevelTests.swift; sourceTree = "<group>"; };
		F1466A762541034E0063C2D5 /* Info.plist */ = {isa = PBXFileReference; lastKnownFileType = text.plist.xml; path = Info.plist; sourceTree = "<group>"; };
		F1466A7B2541034E0063C2D5 /* AutoLayoutSecondLevelUITests.xctest */ = {isa = PBXFileReference; explicitFileType = wrapper.cfbundle; includeInIndex = 0; path = AutoLayoutSecondLevelUITests.xctest; sourceTree = BUILT_PRODUCTS_DIR; };
		F1466A7F2541034E0063C2D5 /* AutoLayoutSecondLevelUITests.swift */ = {isa = PBXFileReference; lastKnownFileType = sourcecode.swift; path = AutoLayoutSecondLevelUITests.swift; sourceTree = "<group>"; };
		F1466A812541034E0063C2D5 /* Info.plist */ = {isa = PBXFileReference; lastKnownFileType = text.plist.xml; path = Info.plist; sourceTree = "<group>"; };
		F1756C0025425B9100288CAB /* OpenSans-ExtraBold.ttf */ = {isa = PBXFileReference; lastKnownFileType = file; path = "OpenSans-ExtraBold.ttf"; sourceTree = "<group>"; };
		F1756C0125425B9100288CAB /* OpenSans-Bold.ttf */ = {isa = PBXFileReference; lastKnownFileType = file; path = "OpenSans-Bold.ttf"; sourceTree = "<group>"; };
		F1756C0225425B9100288CAB /* OpenSans-Light.ttf */ = {isa = PBXFileReference; lastKnownFileType = file; path = "OpenSans-Light.ttf"; sourceTree = "<group>"; };
		F1756C0325425B9100288CAB /* OpenSans-Italic.ttf */ = {isa = PBXFileReference; lastKnownFileType = file; path = "OpenSans-Italic.ttf"; sourceTree = "<group>"; };
		F1756C0425425B9100288CAB /* OpenSans-LightItalic.ttf */ = {isa = PBXFileReference; lastKnownFileType = file; path = "OpenSans-LightItalic.ttf"; sourceTree = "<group>"; };
		F1756C0525425B9100288CAB /* OpenSans-SemiBold.ttf */ = {isa = PBXFileReference; lastKnownFileType = file; path = "OpenSans-SemiBold.ttf"; sourceTree = "<group>"; };
		F1756C0625425B9100288CAB /* OpenSans-BoldItalic.ttf */ = {isa = PBXFileReference; lastKnownFileType = file; path = "OpenSans-BoldItalic.ttf"; sourceTree = "<group>"; };
		F1756C0725425B9100288CAB /* OpenSans-Regular.ttf */ = {isa = PBXFileReference; lastKnownFileType = file; path = "OpenSans-Regular.ttf"; sourceTree = "<group>"; };
		F1756C0825425B9100288CAB /* OpenSans-ExtraBoldItalic.ttf */ = {isa = PBXFileReference; lastKnownFileType = file; path = "OpenSans-ExtraBoldItalic.ttf"; sourceTree = "<group>"; };
		F1756C0925425B9100288CAB /* OpenSans-SemiBoldItalic.ttf */ = {isa = PBXFileReference; lastKnownFileType = file; path = "OpenSans-SemiBoldItalic.ttf"; sourceTree = "<group>"; };
		F17B2A7825425FA5001A8A9A /* UIView+ArredondarBordas.swift */ = {isa = PBXFileReference; lastKnownFileType = sourcecode.swift; path = "UIView+ArredondarBordas.swift"; sourceTree = "<group>"; };
/* End PBXFileReference section */

/* Begin PBXFrameworksBuildPhase section */
		F1466A572541034C0063C2D5 /* Frameworks */ = {
			isa = PBXFrameworksBuildPhase;
			buildActionMask = 2147483647;
			files = (
			);
			runOnlyForDeploymentPostprocessing = 0;
		};
		F1466A6D2541034E0063C2D5 /* Frameworks */ = {
			isa = PBXFrameworksBuildPhase;
			buildActionMask = 2147483647;
			files = (
			);
			runOnlyForDeploymentPostprocessing = 0;
		};
		F1466A782541034E0063C2D5 /* Frameworks */ = {
			isa = PBXFrameworksBuildPhase;
			buildActionMask = 2147483647;
			files = (
			);
			runOnlyForDeploymentPostprocessing = 0;
		};
/* End PBXFrameworksBuildPhase section */

/* Begin PBXGroup section */
		F1466A512541034C0063C2D5 = {
			isa = PBXGroup;
			children = (
				F1466A5C2541034C0063C2D5 /* AutoLayoutSecondLevel */,
				F1466A732541034E0063C2D5 /* AutoLayoutSecondLevelTests */,
				F1466A7E2541034E0063C2D5 /* AutoLayoutSecondLevelUITests */,
				F1466A5B2541034C0063C2D5 /* Products */,
			);
			sourceTree = "<group>";
		};
		F1466A5B2541034C0063C2D5 /* Products */ = {
			isa = PBXGroup;
			children = (
				F1466A5A2541034C0063C2D5 /* AutoLayoutSecondLevel.app */,
				F1466A702541034E0063C2D5 /* AutoLayoutSecondLevelTests.xctest */,
				F1466A7B2541034E0063C2D5 /* AutoLayoutSecondLevelUITests.xctest */,
			);
			name = Products;
			sourceTree = "<group>";
		};
		F1466A5C2541034C0063C2D5 /* AutoLayoutSecondLevel */ = {
			isa = PBXGroup;
			children = (
				F17B2A7725425F83001A8A9A /* Extensoes */,
				F1756BF4254259F600288CAB /* Recursos */,
				F1466A5D2541034C0063C2D5 /* AppDelegate.swift */,
				F1466A5F2541034C0063C2D5 /* SceneDelegate.swift */,
				F1466A612541034C0063C2D5 /* ViewController.swift */,
				F1466A632541034C0063C2D5 /* Main.storyboard */,
				F1466A662541034E0063C2D5 /* Assets.xcassets */,
				F1466A682541034E0063C2D5 /* LaunchScreen.storyboard */,
				F1466A6B2541034E0063C2D5 /* Info.plist */,
			);
			path = AutoLayoutSecondLevel;
			sourceTree = "<group>";
		};
		F1466A732541034E0063C2D5 /* AutoLayoutSecondLevelTests */ = {
			isa = PBXGroup;
			children = (
				F1466A742541034E0063C2D5 /* AutoLayoutSecondLevelTests.swift */,
				F1466A762541034E0063C2D5 /* Info.plist */,
			);
			path = AutoLayoutSecondLevelTests;
			sourceTree = "<group>";
		};
		F1466A7E2541034E0063C2D5 /* AutoLayoutSecondLevelUITests */ = {
			isa = PBXGroup;
			children = (
				F1466A7F2541034E0063C2D5 /* AutoLayoutSecondLevelUITests.swift */,
				F1466A812541034E0063C2D5 /* Info.plist */,
			);
			path = AutoLayoutSecondLevelUITests;
			sourceTree = "<group>";
		};
		F1756BF4254259F600288CAB /* Recursos */ = {
			isa = PBXGroup;
			children = (
				F1756BF5254259FE00288CAB /* Fontes */,
			);
			path = Recursos;
			sourceTree = "<group>";
		};
		F1756BF5254259FE00288CAB /* Fontes */ = {
			isa = PBXGroup;
			children = (
				F1756C0125425B9100288CAB /* OpenSans-Bold.ttf */,
				F1756C0625425B9100288CAB /* OpenSans-BoldItalic.ttf */,
				F1756C0025425B9100288CAB /* OpenSans-ExtraBold.ttf */,
				F1756C0825425B9100288CAB /* OpenSans-ExtraBoldItalic.ttf */,
				F1756C0325425B9100288CAB /* OpenSans-Italic.ttf */,
				F1756C0225425B9100288CAB /* OpenSans-Light.ttf */,
				F1756C0425425B9100288CAB /* OpenSans-LightItalic.ttf */,
				F1756C0725425B9100288CAB /* OpenSans-Regular.ttf */,
				F1756C0525425B9100288CAB /* OpenSans-SemiBold.ttf */,
				F1756C0925425B9100288CAB /* OpenSans-SemiBoldItalic.ttf */,
			);
			path = Fontes;
			sourceTree = "<group>";
		};
		F17B2A7725425F83001A8A9A /* Extensoes */ = {
			isa = PBXGroup;
			children = (
				F17B2A7825425FA5001A8A9A /* UIView+ArredondarBordas.swift */,
			);
			name = Extensoes;
			sourceTree = "<group>";
		};
/* End PBXGroup section */

/* Begin PBXNativeTarget section */
		F1466A592541034C0063C2D5 /* AutoLayoutSecondLevel */ = {
			isa = PBXNativeTarget;
			buildConfigurationList = F1466A842541034E0063C2D5 /* Build configuration list for PBXNativeTarget "AutoLayoutSecondLevel" */;
			buildPhases = (
				F1466A562541034C0063C2D5 /* Sources */,
				F1466A572541034C0063C2D5 /* Frameworks */,
				F1466A582541034C0063C2D5 /* Resources */,
			);
			buildRules = (
			);
			dependencies = (
			);
			name = AutoLayoutSecondLevel;
			productName = AutoLayoutSecondLevel;
			productReference = F1466A5A2541034C0063C2D5 /* AutoLayoutSecondLevel.app */;
			productType = "com.apple.product-type.application";
		};
		F1466A6F2541034E0063C2D5 /* AutoLayoutSecondLevelTests */ = {
			isa = PBXNativeTarget;
			buildConfigurationList = F1466A872541034E0063C2D5 /* Build configuration list for PBXNativeTarget "AutoLayoutSecondLevelTests" */;
			buildPhases = (
				F1466A6C2541034E0063C2D5 /* Sources */,
				F1466A6D2541034E0063C2D5 /* Frameworks */,
				F1466A6E2541034E0063C2D5 /* Resources */,
			);
			buildRules = (
			);
			dependencies = (
				F1466A722541034E0063C2D5 /* PBXTargetDependency */,
			);
			name = AutoLayoutSecondLevelTests;
			productName = AutoLayoutSecondLevelTests;
			productReference = F1466A702541034E0063C2D5 /* AutoLayoutSecondLevelTests.xctest */;
			productType = "com.apple.product-type.bundle.unit-test";
		};
		F1466A7A2541034E0063C2D5 /* AutoLayoutSecondLevelUITests */ = {
			isa = PBXNativeTarget;
			buildConfigurationList = F1466A8A2541034E0063C2D5 /* Build configuration list for PBXNativeTarget "AutoLayoutSecondLevelUITests" */;
			buildPhases = (
				F1466A772541034E0063C2D5 /* Sources */,
				F1466A782541034E0063C2D5 /* Frameworks */,
				F1466A792541034E0063C2D5 /* Resources */,
			);
			buildRules = (
			);
			dependencies = (
				F1466A7D2541034E0063C2D5 /* PBXTargetDependency */,
			);
			name = AutoLayoutSecondLevelUITests;
			productName = AutoLayoutSecondLevelUITests;
			productReference = F1466A7B2541034E0063C2D5 /* AutoLayoutSecondLevelUITests.xctest */;
			productType = "com.apple.product-type.bundle.ui-testing";
		};
/* End PBXNativeTarget section */

/* Begin PBXProject section */
		F1466A522541034C0063C2D5 /* Project object */ = {
			isa = PBXProject;
			attributes = {
				LastSwiftUpdateCheck = 1200;
				LastUpgradeCheck = 1200;
				TargetAttributes = {
					F1466A592541034C0063C2D5 = {
						CreatedOnToolsVersion = 12.0;
					};
					F1466A6F2541034E0063C2D5 = {
						CreatedOnToolsVersion = 12.0;
						TestTargetID = F1466A592541034C0063C2D5;
					};
					F1466A7A2541034E0063C2D5 = {
						CreatedOnToolsVersion = 12.0;
						TestTargetID = F1466A592541034C0063C2D5;
					};
				};
			};
			buildConfigurationList = F1466A552541034C0063C2D5 /* Build configuration list for PBXProject "AutoLayoutSecondLevel" */;
			compatibilityVersion = "Xcode 9.3";
			developmentRegion = en;
			hasScannedForEncodings = 0;
			knownRegions = (
				en,
				Base,
			);
			mainGroup = F1466A512541034C0063C2D5;
			productRefGroup = F1466A5B2541034C0063C2D5 /* Products */;
			projectDirPath = "";
			projectRoot = "";
			targets = (
				F1466A592541034C0063C2D5 /* AutoLayoutSecondLevel */,
				F1466A6F2541034E0063C2D5 /* AutoLayoutSecondLevelTests */,
				F1466A7A2541034E0063C2D5 /* AutoLayoutSecondLevelUITests */,
			);
		};
/* End PBXProject section */

/* Begin PBXResourcesBuildPhase section */
		F1466A582541034C0063C2D5 /* Resources */ = {
			isa = PBXResourcesBuildPhase;
			buildActionMask = 2147483647;
			files = (
				F1466A6A2541034E0063C2D5 /* LaunchScreen.storyboard in Resources */,
				F1466A672541034E0063C2D5 /* Assets.xcassets in Resources */,
				F1466A652541034C0063C2D5 /* Main.storyboard in Resources */,
			);
			runOnlyForDeploymentPostprocessing = 0;
		};
		F1466A6E2541034E0063C2D5 /* Resources */ = {
			isa = PBXResourcesBuildPhase;
			buildActionMask = 2147483647;
			files = (
			);
			runOnlyForDeploymentPostprocessing = 0;
		};
		F1466A792541034E0063C2D5 /* Resources */ = {
			isa = PBXResourcesBuildPhase;
			buildActionMask = 2147483647;
			files = (
			);
			runOnlyForDeploymentPostprocessing = 0;
		};
/* End PBXResourcesBuildPhase section */

/* Begin PBXSourcesBuildPhase section */
		F1466A562541034C0063C2D5 /* Sources */ = {
			isa = PBXSourcesBuildPhase;
			buildActionMask = 2147483647;
			files = (
				F1466A622541034C0063C2D5 /* ViewController.swift in Sources */,
				F17B2A7925425FA5001A8A9A /* UIView+ArredondarBordas.swift in Sources */,
				F1466A5E2541034C0063C2D5 /* AppDelegate.swift in Sources */,
				F1466A602541034C0063C2D5 /* SceneDelegate.swift in Sources */,
			);
			runOnlyForDeploymentPostprocessing = 0;
		};
		F1466A6C2541034E0063C2D5 /* Sources */ = {
			isa = PBXSourcesBuildPhase;
			buildActionMask = 2147483647;
			files = (
				F1466A752541034E0063C2D5 /* AutoLayoutSecondLevelTests.swift in Sources */,
			);
			runOnlyForDeploymentPostprocessing = 0;
		};
		F1466A772541034E0063C2D5 /* Sources */ = {
			isa = PBXSourcesBuildPhase;
			buildActionMask = 2147483647;
			files = (
				F1466A802541034E0063C2D5 /* AutoLayoutSecondLevelUITests.swift in Sources */,
			);
			runOnlyForDeploymentPostprocessing = 0;
		};
/* End PBXSourcesBuildPhase section */

/* Begin PBXTargetDependency section */
		F1466A722541034E0063C2D5 /* PBXTargetDependency */ = {
			isa = PBXTargetDependency;
			target = F1466A592541034C0063C2D5 /* AutoLayoutSecondLevel */;
			targetProxy = F1466A712541034E0063C2D5 /* PBXContainerItemProxy */;
		};
		F1466A7D2541034E0063C2D5 /* PBXTargetDependency */ = {
			isa = PBXTargetDependency;
			target = F1466A592541034C0063C2D5 /* AutoLayoutSecondLevel */;
			targetProxy = F1466A7C2541034E0063C2D5 /* PBXContainerItemProxy */;
		};
/* End PBXTargetDependency section */

/* Begin PBXVariantGroup section */
		F1466A632541034C0063C2D5 /* Main.storyboard */ = {
			isa = PBXVariantGroup;
			children = (
				F1466A642541034C0063C2D5 /* Base */,
			);
			name = Main.storyboard;
			sourceTree = "<group>";
		};
		F1466A682541034E0063C2D5 /* LaunchScreen.storyboard */ = {
			isa = PBXVariantGroup;
			children = (
				F1466A692541034E0063C2D5 /* Base */,
			);
			name = LaunchScreen.storyboard;
			sourceTree = "<group>";
		};
/* End PBXVariantGroup section */

/* Begin XCBuildConfiguration section */
		F1466A822541034E0063C2D5 /* Debug */ = {
			isa = XCBuildConfiguration;
			buildSettings = {
				ALWAYS_SEARCH_USER_PATHS = NO;
				CLANG_ANALYZER_NONNULL = YES;
				CLANG_ANALYZER_NUMBER_OBJECT_CONVERSION = YES_AGGRESSIVE;
				CLANG_CXX_LANGUAGE_STANDARD = "gnu++14";
				CLANG_CXX_LIBRARY = "libc++";
				CLANG_ENABLE_MODULES = YES;
				CLANG_ENABLE_OBJC_ARC = YES;
				CLANG_ENABLE_OBJC_WEAK = YES;
				CLANG_WARN_BLOCK_CAPTURE_AUTORELEASING = YES;
				CLANG_WARN_BOOL_CONVERSION = YES;
				CLANG_WARN_COMMA = YES;
				CLANG_WARN_CONSTANT_CONVERSION = YES;
				CLANG_WARN_DEPRECATED_OBJC_IMPLEMENTATIONS = YES;
				CLANG_WARN_DIRECT_OBJC_ISA_USAGE = YES_ERROR;
				CLANG_WARN_DOCUMENTATION_COMMENTS = YES;
				CLANG_WARN_EMPTY_BODY = YES;
				CLANG_WARN_ENUM_CONVERSION = YES;
				CLANG_WARN_INFINITE_RECURSION = YES;
				CLANG_WARN_INT_CONVERSION = YES;
				CLANG_WARN_NON_LITERAL_NULL_CONVERSION = YES;
				CLANG_WARN_OBJC_IMPLICIT_RETAIN_SELF = YES;
				CLANG_WARN_OBJC_LITERAL_CONVERSION = YES;
				CLANG_WARN_OBJC_ROOT_CLASS = YES_ERROR;
				CLANG_WARN_QUOTED_INCLUDE_IN_FRAMEWORK_HEADER = YES;
				CLANG_WARN_RANGE_LOOP_ANALYSIS = YES;
				CLANG_WARN_STRICT_PROTOTYPES = YES;
				CLANG_WARN_SUSPICIOUS_MOVE = YES;
				CLANG_WARN_UNGUARDED_AVAILABILITY = YES_AGGRESSIVE;
				CLANG_WARN_UNREACHABLE_CODE = YES;
				CLANG_WARN__DUPLICATE_METHOD_MATCH = YES;
				COPY_PHASE_STRIP = NO;
				DEBUG_INFORMATION_FORMAT = dwarf;
				ENABLE_STRICT_OBJC_MSGSEND = YES;
				ENABLE_TESTABILITY = YES;
				GCC_C_LANGUAGE_STANDARD = gnu11;
				GCC_DYNAMIC_NO_PIC = NO;
				GCC_NO_COMMON_BLOCKS = YES;
				GCC_OPTIMIZATION_LEVEL = 0;
				GCC_PREPROCESSOR_DEFINITIONS = (
					"DEBUG=1",
					"$(inherited)",
				);
				GCC_WARN_64_TO_32_BIT_CONVERSION = YES;
				GCC_WARN_ABOUT_RETURN_TYPE = YES_ERROR;
				GCC_WARN_UNDECLARED_SELECTOR = YES;
				GCC_WARN_UNINITIALIZED_AUTOS = YES_AGGRESSIVE;
				GCC_WARN_UNUSED_FUNCTION = YES;
				GCC_WARN_UNUSED_VARIABLE = YES;
				IPHONEOS_DEPLOYMENT_TARGET = 14.0;
				MTL_ENABLE_DEBUG_INFO = INCLUDE_SOURCE;
				MTL_FAST_MATH = YES;
				ONLY_ACTIVE_ARCH = YES;
				SDKROOT = iphoneos;
				SWIFT_ACTIVE_COMPILATION_CONDITIONS = DEBUG;
				SWIFT_OPTIMIZATION_LEVEL = "-Onone";
			};
			name = Debug;
		};
		F1466A832541034E0063C2D5 /* Release */ = {
			isa = XCBuildConfiguration;
			buildSettings = {
				ALWAYS_SEARCH_USER_PATHS = NO;
				CLANG_ANALYZER_NONNULL = YES;
				CLANG_ANALYZER_NUMBER_OBJECT_CONVERSION = YES_AGGRESSIVE;
				CLANG_CXX_LANGUAGE_STANDARD = "gnu++14";
				CLANG_CXX_LIBRARY = "libc++";
				CLANG_ENABLE_MODULES = YES;
				CLANG_ENABLE_OBJC_ARC = YES;
				CLANG_ENABLE_OBJC_WEAK = YES;
				CLANG_WARN_BLOCK_CAPTURE_AUTORELEASING = YES;
				CLANG_WARN_BOOL_CONVERSION = YES;
				CLANG_WARN_COMMA = YES;
				CLANG_WARN_CONSTANT_CONVERSION = YES;
				CLANG_WARN_DEPRECATED_OBJC_IMPLEMENTATIONS = YES;
				CLANG_WARN_DIRECT_OBJC_ISA_USAGE = YES_ERROR;
				CLANG_WARN_DOCUMENTATION_COMMENTS = YES;
				CLANG_WARN_EMPTY_BODY = YES;
				CLANG_WARN_ENUM_CONVERSION = YES;
				CLANG_WARN_INFINITE_RECURSION = YES;
				CLANG_WARN_INT_CONVERSION = YES;
				CLANG_WARN_NON_LITERAL_NULL_CONVERSION = YES;
				CLANG_WARN_OBJC_IMPLICIT_RETAIN_SELF = YES;
				CLANG_WARN_OBJC_LITERAL_CONVERSION = YES;
				CLANG_WARN_OBJC_ROOT_CLASS = YES_ERROR;
				CLANG_WARN_QUOTED_INCLUDE_IN_FRAMEWORK_HEADER = YES;
				CLANG_WARN_RANGE_LOOP_ANALYSIS = YES;
				CLANG_WARN_STRICT_PROTOTYPES = YES;
				CLANG_WARN_SUSPICIOUS_MOVE = YES;
				CLANG_WARN_UNGUARDED_AVAILABILITY = YES_AGGRESSIVE;
				CLANG_WARN_UNREACHABLE_CODE = YES;
				CLANG_WARN__DUPLICATE_METHOD_MATCH = YES;
				COPY_PHASE_STRIP = NO;
				DEBUG_INFORMATION_FORMAT = "dwarf-with-dsym";
				ENABLE_NS_ASSERTIONS = NO;
				ENABLE_STRICT_OBJC_MSGSEND = YES;
				GCC_C_LANGUAGE_STANDARD = gnu11;
				GCC_NO_COMMON_BLOCKS = YES;
				GCC_WARN_64_TO_32_BIT_CONVERSION = YES;
				GCC_WARN_ABOUT_RETURN_TYPE = YES_ERROR;
				GCC_WARN_UNDECLARED_SELECTOR = YES;
				GCC_WARN_UNINITIALIZED_AUTOS = YES_AGGRESSIVE;
				GCC_WARN_UNUSED_FUNCTION = YES;
				GCC_WARN_UNUSED_VARIABLE = YES;
				IPHONEOS_DEPLOYMENT_TARGET = 14.0;
				MTL_ENABLE_DEBUG_INFO = NO;
				MTL_FAST_MATH = YES;
				SDKROOT = iphoneos;
				SWIFT_COMPILATION_MODE = wholemodule;
				SWIFT_OPTIMIZATION_LEVEL = "-O";
				VALIDATE_PRODUCT = YES;
			};
			name = Release;
		};
		F1466A852541034E0063C2D5 /* Debug */ = {
			isa = XCBuildConfiguration;
			buildSettings = {
				ASSETCATALOG_COMPILER_APPICON_NAME = AppIcon;
				ASSETCATALOG_COMPILER_GLOBAL_ACCENT_COLOR_NAME = AccentColor;
				CODE_SIGN_STYLE = Automatic;
				DEVELOPMENT_TEAM = K9MC58R5UY;
				INFOPLIST_FILE = AutoLayoutSecondLevel/Info.plist;
				LD_RUNPATH_SEARCH_PATHS = (
					"$(inherited)",
					"@executable_path/Frameworks",
				);
				PRODUCT_BUNDLE_IDENTIFIER = br.com.cwi.treinamento.rhian.AutoLayoutSecondLevel;
				PRODUCT_NAME = "$(TARGET_NAME)";
				SWIFT_VERSION = 5.0;
				TARGETED_DEVICE_FAMILY = "1,2";
			};
			name = Debug;
		};
		F1466A862541034E0063C2D5 /* Release */ = {
			isa = XCBuildConfiguration;
			buildSettings = {
				ASSETCATALOG_COMPILER_APPICON_NAME = AppIcon;
				ASSETCATALOG_COMPILER_GLOBAL_ACCENT_COLOR_NAME = AccentColor;
				CODE_SIGN_STYLE = Automatic;
				DEVELOPMENT_TEAM = K9MC58R5UY;
				INFOPLIST_FILE = AutoLayoutSecondLevel/Info.plist;
				LD_RUNPATH_SEARCH_PATHS = (
					"$(inherited)",
					"@executable_path/Frameworks",
				);
				PRODUCT_BUNDLE_IDENTIFIER = br.com.cwi.treinamento.rhian.AutoLayoutSecondLevel;
				PRODUCT_NAME = "$(TARGET_NAME)";
				SWIFT_VERSION = 5.0;
				TARGETED_DEVICE_FAMILY = "1,2";
			};
			name = Release;
		};
		F1466A882541034E0063C2D5 /* Debug */ = {
			isa = XCBuildConfiguration;
			buildSettings = {
				ALWAYS_EMBED_SWIFT_STANDARD_LIBRARIES = YES;
				BUNDLE_LOADER = "$(TEST_HOST)";
				CODE_SIGN_STYLE = Automatic;
				DEVELOPMENT_TEAM = K9MC58R5UY;
				INFOPLIST_FILE = AutoLayoutSecondLevelTests/Info.plist;
				IPHONEOS_DEPLOYMENT_TARGET = 14.0;
				LD_RUNPATH_SEARCH_PATHS = (
					"$(inherited)",
					"@executable_path/Frameworks",
					"@loader_path/Frameworks",
				);
				PRODUCT_BUNDLE_IDENTIFIER = br.com.cwi.treinamento.rhian.AutoLayoutSecondLevelTests;
				PRODUCT_NAME = "$(TARGET_NAME)";
				SWIFT_VERSION = 5.0;
				TARGETED_DEVICE_FAMILY = "1,2";
				TEST_HOST = "$(BUILT_PRODUCTS_DIR)/AutoLayoutSecondLevel.app/AutoLayoutSecondLevel";
			};
			name = Debug;
		};
		F1466A892541034E0063C2D5 /* Release */ = {
			isa = XCBuildConfiguration;
			buildSettings = {
				ALWAYS_EMBED_SWIFT_STANDARD_LIBRARIES = YES;
				BUNDLE_LOADER = "$(TEST_HOST)";
				CODE_SIGN_STYLE = Automatic;
				DEVELOPMENT_TEAM = K9MC58R5UY;
				INFOPLIST_FILE = AutoLayoutSecondLevelTests/Info.plist;
				IPHONEOS_DEPLOYMENT_TARGET = 14.0;
				LD_RUNPATH_SEARCH_PATHS = (
					"$(inherited)",
					"@executable_path/Frameworks",
					"@loader_path/Frameworks",
				);
				PRODUCT_BUNDLE_IDENTIFIER = br.com.cwi.treinamento.rhian.AutoLayoutSecondLevelTests;
				PRODUCT_NAME = "$(TARGET_NAME)";
				SWIFT_VERSION = 5.0;
				TARGETED_DEVICE_FAMILY = "1,2";
				TEST_HOST = "$(BUILT_PRODUCTS_DIR)/AutoLayoutSecondLevel.app/AutoLayoutSecondLevel";
			};
			name = Release;
		};
		F1466A8B2541034E0063C2D5 /* Debug */ = {
			isa = XCBuildConfiguration;
			buildSettings = {
				ALWAYS_EMBED_SWIFT_STANDARD_LIBRARIES = YES;
				CODE_SIGN_STYLE = Automatic;
				DEVELOPMENT_TEAM = K9MC58R5UY;
				INFOPLIST_FILE = AutoLayoutSecondLevelUITests/Info.plist;
				LD_RUNPATH_SEARCH_PATHS = (
					"$(inherited)",
					"@executable_path/Frameworks",
					"@loader_path/Frameworks",
				);
				PRODUCT_BUNDLE_IDENTIFIER = br.com.cwi.treinamento.rhian.AutoLayoutSecondLevelUITests;
				PRODUCT_NAME = "$(TARGET_NAME)";
				SWIFT_VERSION = 5.0;
				TARGETED_DEVICE_FAMILY = "1,2";
				TEST_TARGET_NAME = AutoLayoutSecondLevel;
			};
			name = Debug;
		};
		F1466A8C2541034E0063C2D5 /* Release */ = {
			isa = XCBuildConfiguration;
			buildSettings = {
				ALWAYS_EMBED_SWIFT_STANDARD_LIBRARIES = YES;
				CODE_SIGN_STYLE = Automatic;
				DEVELOPMENT_TEAM = K9MC58R5UY;
				INFOPLIST_FILE = AutoLayoutSecondLevelUITests/Info.plist;
				LD_RUNPATH_SEARCH_PATHS = (
					"$(inherited)",
					"@executable_path/Frameworks",
					"@loader_path/Frameworks",
				);
				PRODUCT_BUNDLE_IDENTIFIER = br.com.cwi.treinamento.rhian.AutoLayoutSecondLevelUITests;
				PRODUCT_NAME = "$(TARGET_NAME)";
				SWIFT_VERSION = 5.0;
				TARGETED_DEVICE_FAMILY = "1,2";
				TEST_TARGET_NAME = AutoLayoutSecondLevel;
			};
			name = Release;
		};
/* End XCBuildConfiguration section */

/* Begin XCConfigurationList section */
		F1466A552541034C0063C2D5 /* Build configuration list for PBXProject "AutoLayoutSecondLevel" */ = {
			isa = XCConfigurationList;
			buildConfigurations = (
				F1466A822541034E0063C2D5 /* Debug */,
				F1466A832541034E0063C2D5 /* Release */,
			);
			defaultConfigurationIsVisible = 0;
			defaultConfigurationName = Release;
		};
		F1466A842541034E0063C2D5 /* Build configuration list for PBXNativeTarget "AutoLayoutSecondLevel" */ = {
			isa = XCConfigurationList;
			buildConfigurations = (
				F1466A852541034E0063C2D5 /* Debug */,
				F1466A862541034E0063C2D5 /* Release */,
			);
			defaultConfigurationIsVisible = 0;
			defaultConfigurationName = Release;
		};
		F1466A872541034E0063C2D5 /* Build configuration list for PBXNativeTarget "AutoLayoutSecondLevelTests" */ = {
			isa = XCConfigurationList;
			buildConfigurations = (
				F1466A882541034E0063C2D5 /* Debug */,
				F1466A892541034E0063C2D5 /* Release */,
			);
			defaultConfigurationIsVisible = 0;
			defaultConfigurationName = Release;
		};
		F1466A8A2541034E0063C2D5 /* Build configuration list for PBXNativeTarget "AutoLayoutSecondLevelUITests" */ = {
			isa = XCConfigurationList;
			buildConfigurations = (
				F1466A8B2541034E0063C2D5 /* Debug */,
				F1466A8C2541034E0063C2D5 /* Release */,
			);
			defaultConfigurationIsVisible = 0;
			defaultConfigurationName = Release;
		};
/* End XCConfigurationList section */
	};
	rootObject = F1466A522541034C0063C2D5 /* Project object */;
}
